PODS:
  - TestMaster (0.0.1)

DEPENDENCIES:
  - TestMaster (from `./TestLib/TestMaster`)

EXTERNAL SOURCES:
  TestMaster:
    :path: "./TestLib/TestMaster"

SPEC CHECKSUMS:
  TestMaster: 85033dc006bf582666facf49ba491b9ea8bd99e9

PODFILE CHECKSUM: c28c43a361b976ba64b46ec09a72531fa5907c86

COCOAPODS: 1.8.4
