PODS:
  - TestMaster (0.0.1)

DEPENDENCIES:
  - TestMaster (from `./TestLib/TestMaster`)

EXTERNAL SOURCES:
  TestMaster:
    :path: "./TestLib/TestMaster"

SPEC CHECKSUMS:
  TestMaster: 0ff62385782a777570d87195876e5d7e5bf4aaa9

PODFILE CHECKSUM: c28c43a361b976ba64b46ec09a72531fa5907c86

COCOAPODS: 1.8.4
